
Microsoft Visual Studio Solution File, Format Version 12.00
# Visual Studio Version 16
VisualStudioVersion = 16.0.31515.178
MinimumVisualStudioVersion = 10.0.40219.1
Project("{FAE04EC0-301F-11D3-BF4B-00C04F79EFBC}") = "MovieAPI", "MovieAPI\MovieAPI.csproj", "{76E0676C-7E50-4DE7-AB6D-444D54FAC17B}"
EndProject
Global
	GlobalSection(SolutionConfigurationPlatforms) = preSolution
		Debug|Any CPU = Debug|Any CPU
		Release|Any CPU = Release|Any CPU
	EndGlobalSection
	GlobalSection(ProjectConfigurationPlatforms) = postSolution
		{76E0676C-7E50-4DE7-AB6D-444D54FAC17B}.Debug|Any CPU.ActiveCfg = Debug|Any CPU
		{76E0676C-7E50-4DE7-AB6D-444D54FAC17B}.Debug|Any CPU.Build.0 = Debug|Any CPU
		{76E0676C-7E50-4DE7-AB6D-444D54FAC17B}.Release|Any CPU.ActiveCfg = Release|Any CPU
		{76E0676C-7E50-4DE7-AB6D-444D54FAC17B}.Release|Any CPU.Build.0 = Release|Any CPU
	EndGlobalSection
	GlobalSection(SolutionProperties) = preSolution
		HideSolutionNode = FALSE
	EndGlobalSection
	GlobalSection(ExtensibilityGlobals) = postSolution
		SolutionGuid = {65CA173E-60BD-4C5C-95E6-F4635E780D6D}
	EndGlobalSection
EndGlobal
